github.com/JamesDunne/go-asio v0.0.0-20150322061733-6c4b099ca927 h1:qcTT3RNLm21eamlM+G/AJrh1KG9VcyW8AwOsbzVRW04=
github.com/JamesDunne/go-asio v0.0.0-20150322061733-6c4b099ca927/go.mod h1:dRYieepeZSO8hlYXKnpnn6WqR7Myv+kb+Y+w14NxfFw=
github.com/cenkalti/backoff/v4 v4.2.0 h1:HN5dHm3WBOgndBH6E8V0q2jIYIR3s9yglV8k/+MN3u4=
github.com/cenkalti/backoff/v4 v4.2.0/go.mod h1:Y3VNntkOUPxTVeUxJ/G5vcM//AlwfmyYozVcomhLiZE=
github.com/davecgh/go-spew v1.1.1 h1:vj9j/u1bqnvCEfJOwUhtlOARqs3+rkHYY13jYWTU97c=
github.com/davecgh/go-spew v1.1.1/go.mod h1:J7Y8YcW2NihsgmVo/mv3lAwl/skON4iLHjSsI+c5H38=
